
Microsoft Visual Studio Solution File, Format Version 12.00
# Visual Studio 15
VisualStudioVersion = 15.0.28307.1000
MinimumVisualStudioVersion = 10.0.40219.1
Project("{FAE04EC0-301F-11D3-BF4B-00C04F79EFBC}") = "WindowsFormsApp1", "WindowsFormsApp1\WindowsFormsApp1.csproj", "{2A10BD4C-2137-4C45-91BE-5CE1CB72F59C}"
EndProject
Global
	GlobalSection(SolutionConfigurationPlatforms) = preSolution
		Debug|Any CPU = Debug|Any CPU
		Release|Any CPU = Release|Any CPU
	EndGlobalSection
	GlobalSection(ProjectConfigurationPlatforms) = postSolution
		{2A10BD4C-2137-4C45-91BE-5CE1CB72F59C}.Debug|Any CPU.ActiveCfg = Debug|Any CPU
		{2A10BD4C-2137-4C45-91BE-5CE1CB72F59C}.Debug|Any CPU.Build.0 = Debug|Any CPU
		{2A10BD4C-2137-4C45-91BE-5CE1CB72F59C}.Release|Any CPU.ActiveCfg = Release|Any CPU
		{2A10BD4C-2137-4C45-91BE-5CE1CB72F59C}.Release|Any CPU.Build.0 = Release|Any CPU
	EndGlobalSection
	GlobalSection(SolutionProperties) = preSolution
		HideSolutionNode = FALSE
	EndGlobalSection
	GlobalSection(ExtensibilityGlobals) = postSolution
		SolutionGuid = {D4555BB8-BA4A-4F4E-818B-5DBC5AF40967}
	EndGlobalSection
EndGlobal
